
Microsoft Visual Studio Solution File, Format Version 12.00
# Visual Studio 15
VisualStudioVersion = 15.0.28307.852
MinimumVisualStudioVersion = 10.0.40219.1
Project("{8BC9CEB8-8B4A-11D0-8D11-00A0C91BC942}") = "Loops", "Loops\Loops.vcxproj", "{0916A1A9-1CFC-463B-ABAF-C77CEA9A517A}"
EndProject
Global
	GlobalSection(SolutionConfigurationPlatforms) = preSolution
		Debug|x64 = Debug|x64
		Debug|x86 = Debug|x86
		Release|x64 = Release|x64
		Release|x86 = Release|x86
	EndGlobalSection
	GlobalSection(ProjectConfigurationPlatforms) = postSolution
		{0916A1A9-1CFC-463B-ABAF-C77CEA9A517A}.Debug|x64.ActiveCfg = Debug|x64
		{0916A1A9-1CFC-463B-ABAF-C77CEA9A517A}.Debug|x64.Build.0 = Debug|x64
		{0916A1A9-1CFC-463B-ABAF-C77CEA9A517A}.Debug|x86.ActiveCfg = Debug|Win32
		{0916A1A9-1CFC-463B-ABAF-C77CEA9A517A}.Debug|x86.Build.0 = Debug|Win32
		{0916A1A9-1CFC-463B-ABAF-C77CEA9A517A}.Release|x64.ActiveCfg = Release|x64
		{0916A1A9-1CFC-463B-ABAF-C77CEA9A517A}.Release|x64.Build.0 = Release|x64
		{0916A1A9-1CFC-463B-ABAF-C77CEA9A517A}.Release|x86.ActiveCfg = Release|Win32
		{0916A1A9-1CFC-463B-ABAF-C77CEA9A517A}.Release|x86.Build.0 = Release|Win32
	EndGlobalSection
	GlobalSection(SolutionProperties) = preSolution
		HideSolutionNode = FALSE
	EndGlobalSection
	GlobalSection(ExtensibilityGlobals) = postSolution
		SolutionGuid = {2902D3E3-E45D-49FE-81D3-C837DA8A0C5B}
	EndGlobalSection
EndGlobal
